// !$*UTF8*$!
{
	archiveVersion = 1;
	classes = {
	};
	objectVersion = 46;
	objects = {

/* Begin PBXBuildFile section */
		7E803FDE1EC236CE00CC5EA9 /* AppDelegate.swift in Sources */ = {isa = PBXBuildFile; fileRef = 7E803FDD1EC236CE00CC5EA9 /* AppDelegate.swift */; };
		7E803FE51EC236CE00CC5EA9 /* Assets.xcassets in Resources */ = {isa = PBXBuildFile; fileRef = 7E803FE41EC236CE00CC5EA9 /* Assets.xcassets */; };
		7E803FE81EC236CE00CC5EA9 /* LaunchScreen.storyboard in Resources */ = {isa = PBXBuildFile; fileRef = 7E803FE61EC236CE00CC5EA9 /* LaunchScreen.storyboard */; };
		7E803FF01EC2376C00CC5EA9 /* FeatureStoryboard.storyboard in Resources */ = {isa = PBXBuildFile; fileRef = 7E803FEF1EC2376C00CC5EA9 /* FeatureStoryboard.storyboard */; };
		7E803FF21EC24BE600CC5EA9 /* FeatureViewController.swift in Sources */ = {isa = PBXBuildFile; fileRef = 7E803FF11EC24BE600CC5EA9 /* FeatureViewController.swift */; };
		7E803FF41EC24C2A00CC5EA9 /* FeatureViewCell.swift in Sources */ = {isa = PBXBuildFile; fileRef = 7E803FF31EC24C2A00CC5EA9 /* FeatureViewCell.swift */; };
		7EAF01ED1EC66C0D00AD112E /* GridLayout.swift in Sources */ = {isa = PBXBuildFile; fileRef = 7EAF01EC1EC66C0D00AD112E /* GridLayout.swift */; };
		EE2C5BFE2532B838E6FF3D20 /* Pods_CountryFeature.framework in Frameworks */ = {isa = PBXBuildFile; fileRef = 3916687C819E170BC09319BC /* Pods_CountryFeature.framework */; };
/* End PBXBuildFile section */

/* Begin PBXFileReference section */
		0E1A07BF1360B528C3521D86 /* Pods-CountryFeature.release.xcconfig */ = {isa = PBXFileReference; includeInIndex = 1; lastKnownFileType = text.xcconfig; name = "Pods-CountryFeature.release.xcconfig"; path = "Pods/Target Support Files/Pods-CountryFeature/Pods-CountryFeature.release.xcconfig"; sourceTree = "<group>"; };
		3916687C819E170BC09319BC /* Pods_CountryFeature.framework */ = {isa = PBXFileReference; explicitFileType = wrapper.framework; includeInIndex = 0; path = Pods_CountryFeature.framework; sourceTree = BUILT_PRODUCTS_DIR; };
		7E803FDA1EC236CE00CC5EA9 /* CountryFeature.app */ = {isa = PBXFileReference; explicitFileType = wrapper.application; includeInIndex = 0; path = CountryFeature.app; sourceTree = BUILT_PRODUCTS_DIR; };
		7E803FDD1EC236CE00CC5EA9 /* AppDelegate.swift */ = {isa = PBXFileReference; lastKnownFileType = sourcecode.swift; path = AppDelegate.swift; sourceTree = "<group>"; };
		7E803FE41EC236CE00CC5EA9 /* Assets.xcassets */ = {isa = PBXFileReference; lastKnownFileType = folder.assetcatalog; path = Assets.xcassets; sourceTree = "<group>"; };
		7E803FE71EC236CE00CC5EA9 /* Base */ = {isa = PBXFileReference; lastKnownFileType = file.storyboard; name = Base; path = Base.lproj/LaunchScreen.storyboard; sourceTree = "<group>"; };
		7E803FE91EC236CE00CC5EA9 /* Info.plist */ = {isa = PBXFileReference; lastKnownFileType = text.plist.xml; path = Info.plist; sourceTree = "<group>"; };
		7E803FEF1EC2376C00CC5EA9 /* FeatureStoryboard.storyboard */ = {isa = PBXFileReference; fileEncoding = 4; lastKnownFileType = file.storyboard; path = FeatureStoryboard.storyboard; sourceTree = "<group>"; };
		7E803FF11EC24BE600CC5EA9 /* FeatureViewController.swift */ = {isa = PBXFileReference; fileEncoding = 4; lastKnownFileType = sourcecode.swift; path = FeatureViewController.swift; sourceTree = "<group>"; };
		7E803FF31EC24C2A00CC5EA9 /* FeatureViewCell.swift */ = {isa = PBXFileReference; fileEncoding = 4; lastKnownFileType = sourcecode.swift; path = FeatureViewCell.swift; sourceTree = "<group>"; };
		7EAF01EC1EC66C0D00AD112E /* GridLayout.swift */ = {isa = PBXFileReference; fileEncoding = 4; lastKnownFileType = sourcecode.swift; path = GridLayout.swift; sourceTree = "<group>"; };
		82391FD0E09DA73CFAAA8374 /* Pods-CountryFeature.debug.xcconfig */ = {isa = PBXFileReference; includeInIndex = 1; lastKnownFileType = text.xcconfig; name = "Pods-CountryFeature.debug.xcconfig"; path = "Pods/Target Support Files/Pods-CountryFeature/Pods-CountryFeature.debug.xcconfig"; sourceTree = "<group>"; };
/* End PBXFileReference section */

/* Begin PBXFrameworksBuildPhase section */
		7E803FD71EC236CE00CC5EA9 /* Frameworks */ = {
			isa = PBXFrameworksBuildPhase;
			buildActionMask = 2147483647;
			files = (
				EE2C5BFE2532B838E6FF3D20 /* Pods_CountryFeature.framework in Frameworks */,
			);
			runOnlyForDeploymentPostprocessing = 0;
		};
/* End PBXFrameworksBuildPhase section */

/* Begin PBXGroup section */
		7484C59DB452AF064BB530B0 /* Pods */ = {
			isa = PBXGroup;
			children = (
				82391FD0E09DA73CFAAA8374 /* Pods-CountryFeature.debug.xcconfig */,
				0E1A07BF1360B528C3521D86 /* Pods-CountryFeature.release.xcconfig */,
			);
			name = Pods;
			sourceTree = "<group>";
		};
		7E803FD11EC236CE00CC5EA9 = {
			isa = PBXGroup;
			children = (
				7E803FDC1EC236CE00CC5EA9 /* CountryFeature */,
				7E803FDB1EC236CE00CC5EA9 /* Products */,
				7484C59DB452AF064BB530B0 /* Pods */,
				88E8158812841BD548CF4B71 /* Frameworks */,
			);
			sourceTree = "<group>";
		};
		7E803FDB1EC236CE00CC5EA9 /* Products */ = {
			isa = PBXGroup;
			children = (
				7E803FDA1EC236CE00CC5EA9 /* CountryFeature.app */,
			);
			name = Products;
			sourceTree = "<group>";
		};
		7E803FDC1EC236CE00CC5EA9 /* CountryFeature */ = {
			isa = PBXGroup;
			children = (
				7E803FDD1EC236CE00CC5EA9 /* AppDelegate.swift */,
				7E803FF11EC24BE600CC5EA9 /* FeatureViewController.swift */,
				7E803FF31EC24C2A00CC5EA9 /* FeatureViewCell.swift */,
				7EAF01EC1EC66C0D00AD112E /* GridLayout.swift */,
				7E803FEF1EC2376C00CC5EA9 /* FeatureStoryboard.storyboard */,
				7E803FE41EC236CE00CC5EA9 /* Assets.xcassets */,
				7E803FE61EC236CE00CC5EA9 /* LaunchScreen.storyboard */,
				7E803FE91EC236CE00CC5EA9 /* Info.plist */,
			);
			path = CountryFeature;
			sourceTree = "<group>";
		};
		88E8158812841BD548CF4B71 /* Frameworks */ = {
			isa = PBXGroup;
			children = (
				3916687C819E170BC09319BC /* Pods_CountryFeature.framework */,
			);
			name = Frameworks;
			sourceTree = "<group>";
		};
/* End PBXGroup section */

/* Begin PBXNativeTarget section */
		7E803FD91EC236CE00CC5EA9 /* CountryFeature */ = {
			isa = PBXNativeTarget;
			buildConfigurationList = 7E803FEC1EC236CE00CC5EA9 /* Build configuration list for PBXNativeTarget "CountryFeature" */;
			buildPhases = (
				54789816604E13F4E5DF6ACA /* [CP] Check Pods Manifest.lock */,
				7E803FD61EC236CE00CC5EA9 /* Sources */,
				7E803FD71EC236CE00CC5EA9 /* Frameworks */,
				7E803FD81EC236CE00CC5EA9 /* Resources */,
				909A31CEF7C7CCD5C2AFA1A7 /* [CP] Embed Pods Frameworks */,
				EE258B0D14A1C12AC2F7CF06 /* [CP] Copy Pods Resources */,
			);
			buildRules = (
			);
			dependencies = (
			);
			name = CountryFeature;
			productName = CountryFeature;
			productReference = 7E803FDA1EC236CE00CC5EA9 /* CountryFeature.app */;
			productType = "com.apple.product-type.application";
		};
/* End PBXNativeTarget section */

/* Begin PBXProject section */
		7E803FD21EC236CE00CC5EA9 /* Project object */ = {
			isa = PBXProject;
			attributes = {
				LastSwiftUpdateCheck = 0830;
				LastUpgradeCheck = 0830;
				ORGANIZATIONNAME = "Lazar Andnov";
				TargetAttributes = {
					7E803FD91EC236CE00CC5EA9 = {
						CreatedOnToolsVersion = 8.3.2;
						DevelopmentTeam = QC44D63L54;
						ProvisioningStyle = Automatic;
					};
				};
			};
			buildConfigurationList = 7E803FD51EC236CE00CC5EA9 /* Build configuration list for PBXProject "CountryFeature" */;
			compatibilityVersion = "Xcode 3.2";
			developmentRegion = English;
			hasScannedForEncodings = 0;
			knownRegions = (
				en,
				Base,
			);
			mainGroup = 7E803FD11EC236CE00CC5EA9;
			productRefGroup = 7E803FDB1EC236CE00CC5EA9 /* Products */;
			projectDirPath = "";
			projectRoot = "";
			targets = (
				7E803FD91EC236CE00CC5EA9 /* CountryFeature */,
			);
		};
/* End PBXProject section */

/* Begin PBXResourcesBuildPhase section */
		7E803FD81EC236CE00CC5EA9 /* Resources */ = {
			isa = PBXResourcesBuildPhase;
			buildActionMask = 2147483647;
			files = (
				7E803FE81EC236CE00CC5EA9 /* LaunchScreen.storyboard in Resources */,
				7E803FE51EC236CE00CC5EA9 /* Assets.xcassets in Resources */,
				7E803FF01EC2376C00CC5EA9 /* FeatureStoryboard.storyboard in Resources */,
			);
			runOnlyForDeploymentPostprocessing = 0;
		};
/* End PBXResourcesBuildPhase section */

/* Begin PBXShellScriptBuildPhase section */
		54789816604E13F4E5DF6ACA /* [CP] Check Pods Manifest.lock */ = {
			isa = PBXShellScriptBuildPhase;
			buildActionMask = 2147483647;
			files = (
			);
			inputPaths = (
			);
			name = "[CP] Check Pods Manifest.lock";
			outputPaths = (
			);
			runOnlyForDeploymentPostprocessing = 0;
			shellPath = /bin/sh;
			shellScript = "diff \"${PODS_PODFILE_DIR_PATH}/Podfile.lock\" \"${PODS_ROOT}/Manifest.lock\" > /dev/null\nif [ $? != 0 ] ; then\n    # print error to STDERR\n    echo \"error: The sandbox is not in sync with the Podfile.lock. Run 'pod install' or update your CocoaPods installation.\" >&2\n    exit 1\nfi\n";
			showEnvVarsInLog = 0;
		};
		909A31CEF7C7CCD5C2AFA1A7 /* [CP] Embed Pods Frameworks */ = {
			isa = PBXShellScriptBuildPhase;
			buildActionMask = 2147483647;
			files = (
			);
			inputPaths = (
			);
			name = "[CP] Embed Pods Frameworks";
			outputPaths = (
			);
			runOnlyForDeploymentPostprocessing = 0;
			shellPath = /bin/sh;
			shellScript = "\"${SRCROOT}/Pods/Target Support Files/Pods-CountryFeature/Pods-CountryFeature-frameworks.sh\"\n";
			showEnvVarsInLog = 0;
		};
		EE258B0D14A1C12AC2F7CF06 /* [CP] Copy Pods Resources */ = {
			isa = PBXShellScriptBuildPhase;
			buildActionMask = 2147483647;
			files = (
			);
			inputPaths = (
			);
			name = "[CP] Copy Pods Resources";
			outputPaths = (
			);
			runOnlyForDeploymentPostprocessing = 0;
			shellPath = /bin/sh;
			shellScript = "\"${SRCROOT}/Pods/Target Support Files/Pods-CountryFeature/Pods-CountryFeature-resources.sh\"\n";
			showEnvVarsInLog = 0;
		};
/* End PBXShellScriptBuildPhase section */

/* Begin PBXSourcesBuildPhase section */
		7E803FD61EC236CE00CC5EA9 /* Sources */ = {
			isa = PBXSourcesBuildPhase;
			buildActionMask = 2147483647;
			files = (
				7E803FDE1EC236CE00CC5EA9 /* AppDelegate.swift in Sources */,
				7E803FF21EC24BE600CC5EA9 /* FeatureViewController.swift in Sources */,
				7E803FF41EC24C2A00CC5EA9 /* FeatureViewCell.swift in Sources */,
				7EAF01ED1EC66C0D00AD112E /* GridLayout.swift in Sources */,
			);
			runOnlyForDeploymentPostprocessing = 0;
		};
/* End PBXSourcesBuildPhase section */

/* Begin PBXVariantGroup section */
		7E803FE61EC236CE00CC5EA9 /* LaunchScreen.storyboard */ = {
			isa = PBXVariantGroup;
			children = (
				7E803FE71EC236CE00CC5EA9 /* Base */,
			);
			name = LaunchScreen.storyboard;
			sourceTree = "<group>";
		};
/* End PBXVariantGroup section */

/* Begin XCBuildConfiguration section */
		7E803FEA1EC236CE00CC5EA9 /* Debug */ = {
			isa = XCBuildConfiguration;
			buildSettings = {
				ALWAYS_SEARCH_USER_PATHS = NO;
				CLANG_ANALYZER_NONNULL = YES;
				CLANG_ANALYZER_NUMBER_OBJECT_CONVERSION = YES_AGGRESSIVE;
				CLANG_CXX_LANGUAGE_STANDARD = "gnu++0x";
				CLANG_CXX_LIBRARY = "libc++";
				CLANG_ENABLE_MODULES = YES;
				CLANG_ENABLE_OBJC_ARC = YES;
				CLANG_WARN_BOOL_CONVERSION = YES;
				CLANG_WARN_CONSTANT_CONVERSION = YES;
				CLANG_WARN_DIRECT_OBJC_ISA_USAGE = YES_ERROR;
				CLANG_WARN_DOCUMENTATION_COMMENTS = YES;
				CLANG_WARN_EMPTY_BODY = YES;
				CLANG_WARN_ENUM_CONVERSION = YES;
				CLANG_WARN_INFINITE_RECURSION = YES;
				CLANG_WARN_INT_CONVERSION = YES;
				CLANG_WARN_OBJC_ROOT_CLASS = YES_ERROR;
				CLANG_WARN_SUSPICIOUS_MOVE = YES;
				CLANG_WARN_UNREACHABLE_CODE = YES;
				CLANG_WARN__DUPLICATE_METHOD_MATCH = YES;
				"CODE_SIGN_IDENTITY[sdk=iphoneos*]" = "iPhone Developer";
				COPY_PHASE_STRIP = NO;
				DEBUG_INFORMATION_FORMAT = dwarf;
				ENABLE_STRICT_OBJC_MSGSEND = YES;
				ENABLE_TESTABILITY = YES;
				GCC_C_LANGUAGE_STANDARD = gnu99;
				GCC_DYNAMIC_NO_PIC = NO;
				GCC_NO_COMMON_BLOCKS = YES;
				GCC_OPTIMIZATION_LEVEL = 0;
				GCC_PREPROCESSOR_DEFINITIONS = (
					"DEBUG=1",
					"$(inherited)",
				);
				GCC_WARN_64_TO_32_BIT_CONVERSION = YES;
				GCC_WARN_ABOUT_RETURN_TYPE = YES_ERROR;
				GCC_WARN_UNDECLARED_SELECTOR = YES;
				GCC_WARN_UNINITIALIZED_AUTOS = YES_AGGRESSIVE;
				GCC_WARN_UNUSED_FUNCTION = YES;
				GCC_WARN_UNUSED_VARIABLE = YES;
				IPHONEOS_DEPLOYMENT_TARGET = 10.3;
				MTL_ENABLE_DEBUG_INFO = YES;
				ONLY_ACTIVE_ARCH = YES;
				SDKROOT = iphoneos;
				SWIFT_ACTIVE_COMPILATION_CONDITIONS = DEBUG;
				SWIFT_OPTIMIZATION_LEVEL = "-Onone";
				TARGETED_DEVICE_FAMILY = "1,2";
			};
			name = Debug;
		};
		7E803FEB1EC236CE00CC5EA9 /* Release */ = {
			isa = XCBuildConfiguration;
			buildSettings = {
				ALWAYS_SEARCH_USER_PATHS = NO;
				CLANG_ANALYZER_NONNULL = YES;
				CLANG_ANALYZER_NUMBER_OBJECT_CONVERSION = YES_AGGRESSIVE;
				CLANG_CXX_LANGUAGE_STANDARD = "gnu++0x";
				CLANG_CXX_LIBRARY = "libc++";
				CLANG_ENABLE_MODULES = YES;
				CLANG_ENABLE_OBJC_ARC = YES;
				CLANG_WARN_BOOL_CONVERSION = YES;
				CLANG_WARN_CONSTANT_CONVERSION = YES;
				CLANG_WARN_DIRECT_OBJC_ISA_USAGE = YES_ERROR;
				CLANG_WARN_DOCUMENTATION_COMMENTS = YES;
				CLANG_WARN_EMPTY_BODY = YES;
				CLANG_WARN_ENUM_CONVERSION = YES;
				CLANG_WARN_INFINITE_RECURSION = YES;
				CLANG_WARN_INT_CONVERSION = YES;
				CLANG_WARN_OBJC_ROOT_CLASS = YES_ERROR;
				CLANG_WARN_SUSPICIOUS_MOVE = YES;
				CLANG_WARN_UNREACHABLE_CODE = YES;
				CLANG_WARN__DUPLICATE_METHOD_MATCH = YES;
				"CODE_SIGN_IDENTITY[sdk=iphoneos*]" = "iPhone Developer";
				COPY_PHASE_STRIP = NO;
				DEBUG_INFORMATION_FORMAT = "dwarf-with-dsym";
				ENABLE_NS_ASSERTIONS = NO;
				ENABLE_STRICT_OBJC_MSGSEND = YES;
				GCC_C_LANGUAGE_STANDARD = gnu99;
				GCC_NO_COMMON_BLOCKS = YES;
				GCC_WARN_64_TO_32_BIT_CONVERSION = YES;
				GCC_WARN_ABOUT_RETURN_TYPE = YES_ERROR;
				GCC_WARN_UNDECLARED_SELECTOR = YES;
				GCC_WARN_UNINITIALIZED_AUTOS = YES_AGGRESSIVE;
				GCC_WARN_UNUSED_FUNCTION = YES;
				GCC_WARN_UNUSED_VARIABLE = YES;
				IPHONEOS_DEPLOYMENT_TARGET = 10.3;
				MTL_ENABLE_DEBUG_INFO = NO;
				SDKROOT = iphoneos;
				SWIFT_OPTIMIZATION_LEVEL = "-Owholemodule";
				TARGETED_DEVICE_FAMILY = "1,2";
				VALIDATE_PRODUCT = YES;
			};
			name = Release;
		};
		7E803FED1EC236CE00CC5EA9 /* Debug */ = {
			isa = XCBuildConfiguration;
			baseConfigurationReference = 82391FD0E09DA73CFAAA8374 /* Pods-CountryFeature.debug.xcconfig */;
			buildSettings = {
				ASSETCATALOG_COMPILER_APPICON_NAME = AppIcon;
				DEVELOPMENT_TEAM = QC44D63L54;
				INFOPLIST_FILE = CountryFeature/Info.plist;
				LD_RUNPATH_SEARCH_PATHS = "$(inherited) @executable_path/Frameworks";
				PRODUCT_BUNDLE_IDENTIFIER = lakistr8.CountryFeature;
				PRODUCT_NAME = "$(TARGET_NAME)";
				SWIFT_VERSION = 3.0;
			};
			name = Debug;
		};
		7E803FEE1EC236CE00CC5EA9 /* Release */ = {
			isa = XCBuildConfiguration;
			baseConfigurationReference = 0E1A07BF1360B528C3521D86 /* Pods-CountryFeature.release.xcconfig */;
			buildSettings = {
				ASSETCATALOG_COMPILER_APPICON_NAME = AppIcon;
				DEVELOPMENT_TEAM = QC44D63L54;
				INFOPLIST_FILE = CountryFeature/Info.plist;
				LD_RUNPATH_SEARCH_PATHS = "$(inherited) @executable_path/Frameworks";
				PRODUCT_BUNDLE_IDENTIFIER = lakistr8.CountryFeature;
				PRODUCT_NAME = "$(TARGET_NAME)";
				SWIFT_VERSION = 3.0;
			};
			name = Release;
		};
/* End XCBuildConfiguration section */

/* Begin XCConfigurationList section */
		7E803FD51EC236CE00CC5EA9 /* Build configuration list for PBXProject "CountryFeature" */ = {
			isa = XCConfigurationList;
			buildConfigurations = (
				7E803FEA1EC236CE00CC5EA9 /* Debug */,
				7E803FEB1EC236CE00CC5EA9 /* Release */,
			);
			defaultConfigurationIsVisible = 0;
			defaultConfigurationName = Release;
		};
		7E803FEC1EC236CE00CC5EA9 /* Build configuration list for PBXNativeTarget "CountryFeature" */ = {
			isa = XCConfigurationList;
			buildConfigurations = (
				7E803FED1EC236CE00CC5EA9 /* Debug */,
				7E803FEE1EC236CE00CC5EA9 /* Release */,
			);
			defaultConfigurationIsVisible = 0;
			defaultConfigurationName = Release;
		};
/* End XCConfigurationList section */
	};
	rootObject = 7E803FD21EC236CE00CC5EA9 /* Project object */;
}
